
Microsoft Visual Studio Solution File, Format Version 12.00
# Visual Studio Version 16
VisualStudioVersion = 16.0.30717.126
MinimumVisualStudioVersion = 10.0.40219.1
Project("{9A19103F-16F7-4668-BE54-9A1E7A4F7556}") = "OdeToFood", "OdeToFood\OdeToFood.csproj", "{7A26B4CB-8EB7-4C0F-BC19-2746CDCE23BC}"
EndProject
Project("{9A19103F-16F7-4668-BE54-9A1E7A4F7556}") = "OdeToFood.Core", "OdeToFood.Core\OdeToFood.Core.csproj", "{B57F1F0F-1F2D-42DC-8BD3-D60A5E910DE1}"
EndProject
Project("{9A19103F-16F7-4668-BE54-9A1E7A4F7556}") = "OdeToFood.Data", "OdeToFood.Data\OdeToFood.Data.csproj", "{B9FAD8B1-1194-4DEF-BA0F-FF3D933AB08C}"
EndProject
Global
	GlobalSection(SolutionConfigurationPlatforms) = preSolution
		Debug|Any CPU = Debug|Any CPU
		Release|Any CPU = Release|Any CPU
	EndGlobalSection
	GlobalSection(ProjectConfigurationPlatforms) = postSolution
		{7A26B4CB-8EB7-4C0F-BC19-2746CDCE23BC}.Debug|Any CPU.ActiveCfg = Debug|Any CPU
		{7A26B4CB-8EB7-4C0F-BC19-2746CDCE23BC}.Debug|Any CPU.Build.0 = Debug|Any CPU
		{7A26B4CB-8EB7-4C0F-BC19-2746CDCE23BC}.Release|Any CPU.ActiveCfg = Release|Any CPU
		{7A26B4CB-8EB7-4C0F-BC19-2746CDCE23BC}.Release|Any CPU.Build.0 = Release|Any CPU
		{B57F1F0F-1F2D-42DC-8BD3-D60A5E910DE1}.Debug|Any CPU.ActiveCfg = Debug|Any CPU
		{B57F1F0F-1F2D-42DC-8BD3-D60A5E910DE1}.Debug|Any CPU.Build.0 = Debug|Any CPU
		{B57F1F0F-1F2D-42DC-8BD3-D60A5E910DE1}.Release|Any CPU.ActiveCfg = Release|Any CPU
		{B57F1F0F-1F2D-42DC-8BD3-D60A5E910DE1}.Release|Any CPU.Build.0 = Release|Any CPU
		{B9FAD8B1-1194-4DEF-BA0F-FF3D933AB08C}.Debug|Any CPU.ActiveCfg = Debug|Any CPU
		{B9FAD8B1-1194-4DEF-BA0F-FF3D933AB08C}.Debug|Any CPU.Build.0 = Debug|Any CPU
		{B9FAD8B1-1194-4DEF-BA0F-FF3D933AB08C}.Release|Any CPU.ActiveCfg = Release|Any CPU
		{B9FAD8B1-1194-4DEF-BA0F-FF3D933AB08C}.Release|Any CPU.Build.0 = Release|Any CPU
	EndGlobalSection
	GlobalSection(SolutionProperties) = preSolution
		HideSolutionNode = FALSE
	EndGlobalSection
	GlobalSection(ExtensibilityGlobals) = postSolution
		SolutionGuid = {F5896933-51E1-4429-AB22-466D81A41831}
	EndGlobalSection
EndGlobal
